
Microsoft Visual Studio Solution File, Format Version 12.00
# Visual Studio 2015
Project("{FAE04EC0-301F-11D3-BF4B-00C04F79EFBC}") = "X-Appocolypse_Enemies.CSharp.Plugins", "X-Appocolypse_Enemies.CSharp.Plugins.csproj", "{4D258F53-4ADB-D867-DA0A-67522F21EE85}"
EndProject
Project("{FAE04EC0-301F-11D3-BF4B-00C04F79EFBC}") = "X-Appocolypse_Enemies.CSharp", "X-Appocolypse_Enemies.CSharp.csproj", "{6AB8E922-198C-6D51-85EE-EE6BBF81B6AB}"
EndProject
Project("{FAE04EC0-301F-11D3-BF4B-00C04F79EFBC}") = "X-Appocolypse_Enemies.CSharp.Editor", "X-Appocolypse_Enemies.CSharp.Editor.csproj", "{49848581-3EB3-6B36-4BE2-8AB0A3CBF411}"
EndProject
Global
	GlobalSection(SolutionConfigurationPlatforms) = preSolution
		Debug|Any CPU = Debug|Any CPU
		Release|Any CPU = Release|Any CPU
	EndGlobalSection
	GlobalSection(ProjectConfigurationPlatforms) = postSolution
		{4D258F53-4ADB-D867-DA0A-67522F21EE85}.Debug|Any CPU.ActiveCfg = Debug|Any CPU
		{4D258F53-4ADB-D867-DA0A-67522F21EE85}.Debug|Any CPU.Build.0 = Debug|Any CPU
		{4D258F53-4ADB-D867-DA0A-67522F21EE85}.Release|Any CPU.ActiveCfg = Release|Any CPU
		{4D258F53-4ADB-D867-DA0A-67522F21EE85}.Release|Any CPU.Build.0 = Release|Any CPU
		{6AB8E922-198C-6D51-85EE-EE6BBF81B6AB}.Debug|Any CPU.ActiveCfg = Debug|Any CPU
		{6AB8E922-198C-6D51-85EE-EE6BBF81B6AB}.Debug|Any CPU.Build.0 = Debug|Any CPU
		{6AB8E922-198C-6D51-85EE-EE6BBF81B6AB}.Release|Any CPU.ActiveCfg = Release|Any CPU
		{6AB8E922-198C-6D51-85EE-EE6BBF81B6AB}.Release|Any CPU.Build.0 = Release|Any CPU
		{49848581-3EB3-6B36-4BE2-8AB0A3CBF411}.Debug|Any CPU.ActiveCfg = Debug|Any CPU
		{49848581-3EB3-6B36-4BE2-8AB0A3CBF411}.Debug|Any CPU.Build.0 = Debug|Any CPU
		{49848581-3EB3-6B36-4BE2-8AB0A3CBF411}.Release|Any CPU.ActiveCfg = Release|Any CPU
		{49848581-3EB3-6B36-4BE2-8AB0A3CBF411}.Release|Any CPU.Build.0 = Release|Any CPU
	EndGlobalSection
	GlobalSection(SolutionProperties) = preSolution
		HideSolutionNode = FALSE
	EndGlobalSection
EndGlobal
